
Microsoft Visual Studio Solution File, Format Version 12.00
# Visual Studio 15
VisualStudioVersion = 15.0.28010.2041
MinimumVisualStudioVersion = 10.0.40219.1
Project("{9A19103F-16F7-4668-BE54-9A1E7A4F7556}") = "tniTestSite", "tniTestSite\tniTestSite.csproj", "{BBA9AE95-27D4-4CCE-A0A4-54BF7350419F}"
EndProject
Project("{9A19103F-16F7-4668-BE54-9A1E7A4F7556}") = "tniTestSite.Tests", "tniTestSite.Tests\tniTestSite.Tests.csproj", "{12C95EB6-31E4-4D27-8B9B-F312C2E13474}"
EndProject
Project("{9A19103F-16F7-4668-BE54-9A1E7A4F7556}") = "tniTestSiteWeb", "tniTestSiteWeb\tniTestSiteWeb.csproj", "{78962511-0502-4552-AB91-CB7DE8552D6C}"
EndProject
Project("{FAE04EC0-301F-11D3-BF4B-00C04F79EFBC}") = "tniTestSite.Api", "tniTestSite.Api\tniTestSite.Api.csproj", "{9CBE46EC-1B0D-47B5-874D-F14F5191ED0D}"
EndProject
Global
	GlobalSection(SolutionConfigurationPlatforms) = preSolution
		Debug|Any CPU = Debug|Any CPU
		Release|Any CPU = Release|Any CPU
	EndGlobalSection
	GlobalSection(ProjectConfigurationPlatforms) = postSolution
		{BBA9AE95-27D4-4CCE-A0A4-54BF7350419F}.Debug|Any CPU.ActiveCfg = Debug|Any CPU
		{BBA9AE95-27D4-4CCE-A0A4-54BF7350419F}.Debug|Any CPU.Build.0 = Debug|Any CPU
		{BBA9AE95-27D4-4CCE-A0A4-54BF7350419F}.Release|Any CPU.ActiveCfg = Release|Any CPU
		{BBA9AE95-27D4-4CCE-A0A4-54BF7350419F}.Release|Any CPU.Build.0 = Release|Any CPU
		{12C95EB6-31E4-4D27-8B9B-F312C2E13474}.Debug|Any CPU.ActiveCfg = Debug|Any CPU
		{12C95EB6-31E4-4D27-8B9B-F312C2E13474}.Debug|Any CPU.Build.0 = Debug|Any CPU
		{12C95EB6-31E4-4D27-8B9B-F312C2E13474}.Release|Any CPU.ActiveCfg = Release|Any CPU
		{12C95EB6-31E4-4D27-8B9B-F312C2E13474}.Release|Any CPU.Build.0 = Release|Any CPU
		{78962511-0502-4552-AB91-CB7DE8552D6C}.Debug|Any CPU.ActiveCfg = Debug|Any CPU
		{78962511-0502-4552-AB91-CB7DE8552D6C}.Debug|Any CPU.Build.0 = Debug|Any CPU
		{78962511-0502-4552-AB91-CB7DE8552D6C}.Release|Any CPU.ActiveCfg = Release|Any CPU
		{78962511-0502-4552-AB91-CB7DE8552D6C}.Release|Any CPU.Build.0 = Release|Any CPU
		{9CBE46EC-1B0D-47B5-874D-F14F5191ED0D}.Debug|Any CPU.ActiveCfg = Debug|Any CPU
		{9CBE46EC-1B0D-47B5-874D-F14F5191ED0D}.Debug|Any CPU.Build.0 = Debug|Any CPU
		{9CBE46EC-1B0D-47B5-874D-F14F5191ED0D}.Release|Any CPU.ActiveCfg = Release|Any CPU
		{9CBE46EC-1B0D-47B5-874D-F14F5191ED0D}.Release|Any CPU.Build.0 = Release|Any CPU
	EndGlobalSection
	GlobalSection(SolutionProperties) = preSolution
		HideSolutionNode = FALSE
	EndGlobalSection
	GlobalSection(ExtensibilityGlobals) = postSolution
		SolutionGuid = {D6198AA3-8146-4DB4-9F13-F8F9EC2F692F}
	EndGlobalSection
EndGlobal
